{
  "name": "setup-emsdk",
  "version": "1.0.0",
  "lockfileVersion": 1,
  "requires": true,
  "dependencies": {
    "@actions/core": {
      "version": "1.0.0",
      "resolved": "https://registry.npmjs.org/@actions/core/-/core-1.0.0.tgz",
      "integrity": "sha512-aMIlkx96XH4E/2YZtEOeyrYQfhlas9jIRkfGPqMwXD095Rdkzo4lB6ZmbxPQSzD+e1M+Xsm98ZhuSMYGv/AlqA=="
    },
    "@actions/exec": {
      "version": "1.0.0",
      "resolved": "https://registry.npmjs.org/@actions/exec/-/exec-1.0.0.tgz",
      "integrity": "sha512-nquH0+XKng+Ll7rZfCojN7NWSbnGh+ltwUJhzfbLkmOJgxocGX2/yXcZLMyT9fa7+tByEow/NSTrBExNlEj9fw=="
    },
    "@actions/io": {
      "version": "1.0.0",
      "resolved": "https://registry.npmjs.org/@actions/io/-/io-1.0.0.tgz",
      "integrity": "sha512-ezrJSRdqtXtdx1WXlfYL85+40F7gB39jCK9P0jZVODW3W6xUYmu6ZOEc/UmmElUwhRyDRm1R4yNZu1Joq2kuQg=="
    },
    "@actions/tool-cache": {
      "version": "1.1.0",
      "resolved": "https://registry.npmjs.org/@actions/tool-cache/-/tool-cache-1.1.0.tgz",
      "integrity": "sha512-Oe/R1Gxv0G699OUL9ypxk9cTwHf1uXHhpcK7kpZt8d/Sbw915ktMkfxXt9+awOfLDwyl54sLi86KGCuSvnRuIQ==",
      "requires": {
        "@actions/core": "^1.0.0",
        "@actions/exec": "^1.0.0",
        "@actions/io": "^1.0.0",
        "semver": "^6.1.0",
        "typed-rest-client": "^1.4.0",
        "uuid": "^3.3.2"
      }
    },
    "@types/node": {
      "version": "12.6.9",
      "resolved": "https://registry.npmjs.org/@types/node/-/node-12.6.9.tgz",
      "integrity": "sha512-+YB9FtyxXGyD54p8rXwWaN1EWEyar5L58GlGWgtH2I9rGmLGBQcw63+0jw+ujqVavNuO47S1ByAjm9zdHMnskw==",
      "dev": true
    },
    "semver": {
      "version": "6.3.0",
      "resolved": "https://registry.npmjs.org/semver/-/semver-6.3.0.tgz",
      "integrity": "sha512-b39TBaTSfV6yBrapU89p5fKekE2m/NwnDocOVruQFS1/veMgdzuPcnOM34M6CwxW8jH/lxEa5rBoDeUwu5HHTw=="
    },
    "tunnel": {
      "version": "0.0.4",
      "resolved": "https://registry.npmjs.org/tunnel/-/tunnel-0.0.4.tgz",
      "integrity": "sha1-LTeFoVjBdMmhbcLARuxfxfF0IhM="
    },
    "typed-rest-client": {
      "version": "1.5.0",
      "resolved": "https://registry.npmjs.org/typed-rest-client/-/typed-rest-client-1.5.0.tgz",
      "integrity": "sha512-DVZRlmsfnTjp6ZJaatcdyvvwYwbWvR4YDNFDqb+qdTxpvaVP99YCpBkA8rxsLtAPjBVoDe4fNsnMIdZTiPuKWg==",
      "requires": {
        "tunnel": "0.0.4",
        "underscore": "1.8.3"
      }
    },
    "typescript": {
      "version": "3.5.3",
      "resolved": "https://registry.npmjs.org/typescript/-/typescript-3.5.3.tgz",
      "integrity": "sha512-ACzBtm/PhXBDId6a6sDJfroT2pOWt/oOnk4/dElG5G33ZL776N3Y6/6bKZJBFpd+b05F3Ct9qDjMeJmRWtE2/g==",
      "dev": true
    },
    "underscore": {
      "version": "1.8.3",
      "resolved": "https://registry.npmjs.org/underscore/-/underscore-1.8.3.tgz",
      "integrity": "sha1-Tz+1OxBuYJf8+ctBCfKl6b36UCI="
    },
    "uuid": {
      "version": "3.3.2",
      "resolved": "https://registry.npmjs.org/uuid/-/uuid-3.3.2.tgz",
      "integrity": "sha512-yXJmeNaw3DnnKAOKJE51sL/ZaYfWJRl1pK9dr19YFCu0ObS231AB1/LbqTKRAQ5kw8A90rA6fr4riOUpTZvQZA=="
    }
  }
}
